
Microsoft Visual Studio Solution File, Format Version 12.00
# Visual Studio Version 17
VisualStudioVersion = 17.5.002.0
MinimumVisualStudioVersion = 10.0.40219.1
Project("{9A19103F-16F7-4668-BE54-9A1E7A4F7556}") = "WebApi", "WebApi.csproj", "{FF0419A3-2B39-498D-A5E4-9CCB192F001D}"
EndProject
Global
	GlobalSection(SolutionConfigurationPlatforms) = preSolution
		Debug|Any CPU = Debug|Any CPU
		Release|Any CPU = Release|Any CPU
	EndGlobalSection
	GlobalSection(ProjectConfigurationPlatforms) = postSolution
		{FF0419A3-2B39-498D-A5E4-9CCB192F001D}.Debug|Any CPU.ActiveCfg = Debug|Any CPU
		{FF0419A3-2B39-498D-A5E4-9CCB192F001D}.Debug|Any CPU.Build.0 = Debug|Any CPU
		{FF0419A3-2B39-498D-A5E4-9CCB192F001D}.Release|Any CPU.ActiveCfg = Release|Any CPU
		{FF0419A3-2B39-498D-A5E4-9CCB192F001D}.Release|Any CPU.Build.0 = Release|Any CPU
	EndGlobalSection
	GlobalSection(SolutionProperties) = preSolution
		HideSolutionNode = FALSE
	EndGlobalSection
	GlobalSection(ExtensibilityGlobals) = postSolution
		SolutionGuid = {976578A4-7470-4B4D-B3DD-A2AFA3B37FBB}
	EndGlobalSection
EndGlobal
